// !$*UTF8*$!
{
	archiveVersion = 1;
	classes = {
	};
	objectVersion = 46;
	objects = {

/* Begin PBXBuildFile section */
		031C1E52173826F7008585B3 /* UIKit.framework in Frameworks */ = {isa = PBXBuildFile; fileRef = 031C1E51173826F7008585B3 /* UIKit.framework */; };
		031C1E54173826F7008585B3 /* Foundation.framework in Frameworks */ = {isa = PBXBuildFile; fileRef = 031C1E53173826F7008585B3 /* Foundation.framework */; };
		031C1E56173826F7008585B3 /* CoreGraphics.framework in Frameworks */ = {isa = PBXBuildFile; fileRef = 031C1E55173826F7008585B3 /* CoreGraphics.framework */; };
		031C1E5C173826F7008585B3 /* InfoPlist.strings in Resources */ = {isa = PBXBuildFile; fileRef = 031C1E5A173826F7008585B3 /* InfoPlist.strings */; };
		031C1E5E173826F7008585B3 /* main.m in Sources */ = {isa = PBXBuildFile; fileRef = 031C1E5D173826F7008585B3 /* main.m */; };
		031C1E62173826F7008585B3 /* AppDelegate.m in Sources */ = {isa = PBXBuildFile; fileRef = 031C1E61173826F7008585B3 /* AppDelegate.m */; };
		031C1E64173826F7008585B3 /* Default.png in Resources */ = {isa = PBXBuildFile; fileRef = 031C1E63173826F7008585B3 /* Default.png */; };
		031C1E66173826F7008585B3 /* Default@2x.png in Resources */ = {isa = PBXBuildFile; fileRef = 031C1E65173826F7008585B3 /* Default@2x.png */; };
		031C1E68173826F7008585B3 /* Default-568h@2x.png in Resources */ = {isa = PBXBuildFile; fileRef = 031C1E67173826F7008585B3 /* Default-568h@2x.png */; };
		031C1E6B173826F7008585B3 /* ViewController.m in Sources */ = {isa = PBXBuildFile; fileRef = 031C1E6A173826F7008585B3 /* ViewController.m */; };
		031C1E6E173826F7008585B3 /* ViewController.xib in Resources */ = {isa = PBXBuildFile; fileRef = 031C1E6C173826F7008585B3 /* ViewController.xib */; };
		03EB6C0617428EEC00CE734F /* backbone.js in Sources */ = {isa = PBXBuildFile; fileRef = 03EB6BED17428EEC00CE734F /* backbone.js */; };
		03EB6C0717428EEC00CE734F /* backbone.subviews.js in Sources */ = {isa = PBXBuildFile; fileRef = 03EB6BEE17428EEC00CE734F /* backbone.subviews.js */; };
		03EB6C0817428EEC00CE734F /* bootstrap-modal.js in Sources */ = {isa = PBXBuildFile; fileRef = 03EB6BEF17428EEC00CE734F /* bootstrap-modal.js */; };
		03EB6C0B17428EEC00CE734F /* bootstrap.js in Sources */ = {isa = PBXBuildFile; fileRef = 03EB6BF217428EEC00CE734F /* bootstrap.js */; };
		03EB6C0E17428EEC00CE734F /* jquery.js in Sources */ = {isa = PBXBuildFile; fileRef = 03EB6BF517428EEC00CE734F /* jquery.js */; };
		03EB6C0F17428EEC00CE734F /* jsuri.js in Sources */ = {isa = PBXBuildFile; fileRef = 03EB6BF617428EEC00CE734F /* jsuri.js */; };
		03EB6C1317428EEC00CE734F /* okanjo.js in Sources */ = {isa = PBXBuildFile; fileRef = 03EB6BFA17428EEC00CE734F /* okanjo.js */; };
		03EB6C1417428EEC00CE734F /* okanjo.models.js in Sources */ = {isa = PBXBuildFile; fileRef = 03EB6BFB17428EEC00CE734F /* okanjo.models.js */; };
		03EB6C1517428EEC00CE734F /* okanjo.navigation.js in Sources */ = {isa = PBXBuildFile; fileRef = 03EB6BFC17428EEC00CE734F /* okanjo.navigation.js */; };
		03EB6C1617428EEC00CE734F /* okanjo.routing.js in Sources */ = {isa = PBXBuildFile; fileRef = 03EB6BFD17428EEC00CE734F /* okanjo.routing.js */; };
		03EB6C1817428EEC00CE734F /* okanjo.so.js in Sources */ = {isa = PBXBuildFile; fileRef = 03EB6BFF17428EEC00CE734F /* okanjo.so.js */; };
		03EB6C1917428EEC00CE734F /* okanjo.templates.js in Sources */ = {isa = PBXBuildFile; fileRef = 03EB6C0017428EEC00CE734F /* okanjo.templates.js */; };
		03EB6C1A17428EEC00CE734F /* okanjo.views.js in Sources */ = {isa = PBXBuildFile; fileRef = 03EB6C0117428EEC00CE734F /* okanjo.views.js */; };
		03EB6C1B17428EEC00CE734F /* sha256.js in Sources */ = {isa = PBXBuildFile; fileRef = 03EB6C0217428EEC00CE734F /* sha256.js */; };
		03EB6C1C17428EEC00CE734F /* swipe.js in Sources */ = {isa = PBXBuildFile; fileRef = 03EB6C0317428EEC00CE734F /* swipe.js */; };
		03EB6C1D17428EEC00CE734F /* underscore.js in Sources */ = {isa = PBXBuildFile; fileRef = 03EB6C0417428EEC00CE734F /* underscore.js */; };
		03EB6C1E17428EEC00CE734F /* zepto.js in Sources */ = {isa = PBXBuildFile; fileRef = 03EB6C0517428EEC00CE734F /* zepto.js */; };
		03EB6C681742909100CE734F /* backbone.js in Resources */ = {isa = PBXBuildFile; fileRef = 03EB6C511742909100CE734F /* backbone.js */; };
		03EB6C691742909100CE734F /* backbone.subviews.js in Resources */ = {isa = PBXBuildFile; fileRef = 03EB6C521742909100CE734F /* backbone.subviews.js */; };
		03EB6C6A1742909100CE734F /* bootstrap-modal.js in Resources */ = {isa = PBXBuildFile; fileRef = 03EB6C531742909100CE734F /* bootstrap-modal.js */; };
		03EB6C6B1742909100CE734F /* bootstrap-responsive.css in Resources */ = {isa = PBXBuildFile; fileRef = 03EB6C541742909100CE734F /* bootstrap-responsive.css */; };
		03EB6C6C1742909100CE734F /* bootstrap.css in Resources */ = {isa = PBXBuildFile; fileRef = 03EB6C551742909100CE734F /* bootstrap.css */; };
		03EB6C6D1742909100CE734F /* bootstrap.js in Resources */ = {isa = PBXBuildFile; fileRef = 03EB6C561742909100CE734F /* bootstrap.js */; };
		03EB6C6E1742909100CE734F /* cart.gif in Resources */ = {isa = PBXBuildFile; fileRef = 03EB6C571742909100CE734F /* cart.gif */; };
		03EB6C6F1742909100CE734F /* index.html in Resources */ = {isa = PBXBuildFile; fileRef = 03EB6C581742909100CE734F /* index.html */; };
		03EB6C701742909100CE734F /* jquery.js in Resources */ = {isa = PBXBuildFile; fileRef = 03EB6C591742909100CE734F /* jquery.js */; };
		03EB6C711742909100CE734F /* jsuri.js in Resources */ = {isa = PBXBuildFile; fileRef = 03EB6C5A1742909100CE734F /* jsuri.js */; };
		03EB6C721742909100CE734F /* logo.png in Resources */ = {isa = PBXBuildFile; fileRef = 03EB6C5B1742909100CE734F /* logo.png */; };
		03EB6C731742909100CE734F /* okanjo.css in Resources */ = {isa = PBXBuildFile; fileRef = 03EB6C5C1742909100CE734F /* okanjo.css */; };
		03EB6C741742909100CE734F /* okanjo.js in Resources */ = {isa = PBXBuildFile; fileRef = 03EB6C5D1742909100CE734F /* okanjo.js */; };
		03EB6C751742909100CE734F /* okanjo.models.js in Resources */ = {isa = PBXBuildFile; fileRef = 03EB6C5E1742909100CE734F /* okanjo.models.js */; };
		03EB6C761742909100CE734F /* okanjo.navigation.js in Resources */ = {isa = PBXBuildFile; fileRef = 03EB6C5F1742909100CE734F /* okanjo.navigation.js */; };
		03EB6C771742909100CE734F /* okanjo.routing.js in Resources */ = {isa = PBXBuildFile; fileRef = 03EB6C601742909100CE734F /* okanjo.routing.js */; };
		03EB6C781742909100CE734F /* okanjo.so.js in Resources */ = {isa = PBXBuildFile; fileRef = 03EB6C611742909100CE734F /* okanjo.so.js */; };
		03EB6C791742909100CE734F /* okanjo.templates.js in Resources */ = {isa = PBXBuildFile; fileRef = 03EB6C621742909100CE734F /* okanjo.templates.js */; };
		03EB6C7A1742909100CE734F /* okanjo.views.js in Resources */ = {isa = PBXBuildFile; fileRef = 03EB6C631742909100CE734F /* okanjo.views.js */; };
		03EB6C7B1742909100CE734F /* sha256.js in Resources */ = {isa = PBXBuildFile; fileRef = 03EB6C641742909100CE734F /* sha256.js */; };
		03EB6C7C1742909100CE734F /* swipe.js in Resources */ = {isa = PBXBuildFile; fileRef = 03EB6C651742909100CE734F /* swipe.js */; };
		03EB6C7D1742909100CE734F /* underscore.js in Resources */ = {isa = PBXBuildFile; fileRef = 03EB6C661742909100CE734F /* underscore.js */; };
		03EB6C7E1742909100CE734F /* zepto.js in Resources */ = {isa = PBXBuildFile; fileRef = 03EB6C671742909100CE734F /* zepto.js */; };
/* End PBXBuildFile section */

/* Begin PBXFileReference section */
		031C1E4E173826F7008585B3 /* WebWrapper.app */ = {isa = PBXFileReference; explicitFileType = wrapper.application; includeInIndex = 0; path = WebWrapper.app; sourceTree = BUILT_PRODUCTS_DIR; };
		031C1E51173826F7008585B3 /* UIKit.framework */ = {isa = PBXFileReference; lastKnownFileType = wrapper.framework; name = UIKit.framework; path = System/Library/Frameworks/UIKit.framework; sourceTree = SDKROOT; };
		031C1E53173826F7008585B3 /* Foundation.framework */ = {isa = PBXFileReference; lastKnownFileType = wrapper.framework; name = Foundation.framework; path = System/Library/Frameworks/Foundation.framework; sourceTree = SDKROOT; };
		031C1E55173826F7008585B3 /* CoreGraphics.framework */ = {isa = PBXFileReference; lastKnownFileType = wrapper.framework; name = CoreGraphics.framework; path = System/Library/Frameworks/CoreGraphics.framework; sourceTree = SDKROOT; };
		031C1E59173826F7008585B3 /* WebWrapper-Info.plist */ = {isa = PBXFileReference; lastKnownFileType = text.plist.xml; path = "WebWrapper-Info.plist"; sourceTree = "<group>"; };
		031C1E5B173826F7008585B3 /* en */ = {isa = PBXFileReference; lastKnownFileType = text.plist.strings; name = en; path = en.lproj/InfoPlist.strings; sourceTree = "<group>"; };
		031C1E5D173826F7008585B3 /* main.m */ = {isa = PBXFileReference; lastKnownFileType = sourcecode.c.objc; path = main.m; sourceTree = "<group>"; };
		031C1E5F173826F7008585B3 /* WebWrapper-Prefix.pch */ = {isa = PBXFileReference; lastKnownFileType = sourcecode.c.h; path = "WebWrapper-Prefix.pch"; sourceTree = "<group>"; };
		031C1E60173826F7008585B3 /* AppDelegate.h */ = {isa = PBXFileReference; lastKnownFileType = sourcecode.c.h; path = AppDelegate.h; sourceTree = "<group>"; };
		031C1E61173826F7008585B3 /* AppDelegate.m */ = {isa = PBXFileReference; lastKnownFileType = sourcecode.c.objc; path = AppDelegate.m; sourceTree = "<group>"; };
		031C1E63173826F7008585B3 /* Default.png */ = {isa = PBXFileReference; lastKnownFileType = image.png; path = Default.png; sourceTree = "<group>"; };
		031C1E65173826F7008585B3 /* Default@2x.png */ = {isa = PBXFileReference; lastKnownFileType = image.png; path = "Default@2x.png"; sourceTree = "<group>"; };
		031C1E67173826F7008585B3 /* Default-568h@2x.png */ = {isa = PBXFileReference; lastKnownFileType = image.png; path = "Default-568h@2x.png"; sourceTree = "<group>"; };
		031C1E69173826F7008585B3 /* ViewController.h */ = {isa = PBXFileReference; lastKnownFileType = sourcecode.c.h; path = ViewController.h; sourceTree = "<group>"; };
		031C1E6A173826F7008585B3 /* ViewController.m */ = {isa = PBXFileReference; lastKnownFileType = sourcecode.c.objc; path = ViewController.m; sourceTree = "<group>"; };
		031C1E6D173826F7008585B3 /* en */ = {isa = PBXFileReference; lastKnownFileType = file.xib; name = en; path = en.lproj/ViewController.xib; sourceTree = "<group>"; };
		03EB6BED17428EEC00CE734F /* backbone.js */ = {isa = PBXFileReference; fileEncoding = 4; lastKnownFileType = sourcecode.javascript; name = backbone.js; path = ../okanjo/backbone.js; sourceTree = "<group>"; };
		03EB6BEE17428EEC00CE734F /* backbone.subviews.js */ = {isa = PBXFileReference; fileEncoding = 4; lastKnownFileType = sourcecode.javascript; name = backbone.subviews.js; path = ../okanjo/backbone.subviews.js; sourceTree = "<group>"; };
		03EB6BEF17428EEC00CE734F /* bootstrap-modal.js */ = {isa = PBXFileReference; fileEncoding = 4; lastKnownFileType = sourcecode.javascript; name = "bootstrap-modal.js"; path = "../okanjo/bootstrap-modal.js"; sourceTree = "<group>"; };
		03EB6BF017428EEC00CE734F /* bootstrap-responsive.css */ = {isa = PBXFileReference; fileEncoding = 4; lastKnownFileType = text.css; name = "bootstrap-responsive.css"; path = "../okanjo/bootstrap-responsive.css"; sourceTree = "<group>"; };
		03EB6BF117428EEC00CE734F /* bootstrap.css */ = {isa = PBXFileReference; fileEncoding = 4; lastKnownFileType = text.css; name = bootstrap.css; path = ../okanjo/bootstrap.css; sourceTree = "<group>"; };
		03EB6BF217428EEC00CE734F /* bootstrap.js */ = {isa = PBXFileReference; fileEncoding = 4; lastKnownFileType = sourcecode.javascript; name = bootstrap.js; path = ../okanjo/bootstrap.js; sourceTree = "<group>"; };
		03EB6BF317428EEC00CE734F /* cart.gif */ = {isa = PBXFileReference; lastKnownFileType = image.gif; name = cart.gif; path = ../okanjo/cart.gif; sourceTree = "<group>"; };
		03EB6BF417428EEC00CE734F /* index.html */ = {isa = PBXFileReference; fileEncoding = 4; lastKnownFileType = text.html; name = index.html; path = ../okanjo/index.html; sourceTree = "<group>"; };
		03EB6BF517428EEC00CE734F /* jquery.js */ = {isa = PBXFileReference; fileEncoding = 4; lastKnownFileType = sourcecode.javascript; name = jquery.js; path = ../okanjo/jquery.js; sourceTree = "<group>"; };
		03EB6BF617428EEC00CE734F /* jsuri.js */ = {isa = PBXFileReference; fileEncoding = 4; lastKnownFileType = sourcecode.javascript; name = jsuri.js; path = ../okanjo/jsuri.js; sourceTree = "<group>"; };
		03EB6BF717428EEC00CE734F /* logo.png */ = {isa = PBXFileReference; lastKnownFileType = image.png; name = logo.png; path = ../okanjo/logo.png; sourceTree = "<group>"; };
		03EB6BF817428EEC00CE734F /* okanjo.css */ = {isa = PBXFileReference; fileEncoding = 4; lastKnownFileType = text.css; name = okanjo.css; path = ../okanjo/okanjo.css; sourceTree = "<group>"; };
		03EB6BFA17428EEC00CE734F /* okanjo.js */ = {isa = PBXFileReference; fileEncoding = 4; lastKnownFileType = sourcecode.javascript; name = okanjo.js; path = ../okanjo/okanjo.js; sourceTree = "<group>"; };
		03EB6BFB17428EEC00CE734F /* okanjo.models.js */ = {isa = PBXFileReference; fileEncoding = 4; lastKnownFileType = sourcecode.javascript; name = okanjo.models.js; path = ../okanjo/okanjo.models.js; sourceTree = "<group>"; };
		03EB6BFC17428EEC00CE734F /* okanjo.navigation.js */ = {isa = PBXFileReference; fileEncoding = 4; lastKnownFileType = sourcecode.javascript; name = okanjo.navigation.js; path = ../okanjo/okanjo.navigation.js; sourceTree = "<group>"; };
		03EB6BFD17428EEC00CE734F /* okanjo.routing.js */ = {isa = PBXFileReference; fileEncoding = 4; lastKnownFileType = sourcecode.javascript; name = okanjo.routing.js; path = ../okanjo/okanjo.routing.js; sourceTree = "<group>"; };
		03EB6BFF17428EEC00CE734F /* okanjo.so.js */ = {isa = PBXFileReference; fileEncoding = 4; lastKnownFileType = sourcecode.javascript; name = okanjo.so.js; path = ../okanjo/okanjo.so.js; sourceTree = "<group>"; };
		03EB6C0017428EEC00CE734F /* okanjo.templates.js */ = {isa = PBXFileReference; fileEncoding = 4; lastKnownFileType = sourcecode.javascript; name = okanjo.templates.js; path = ../okanjo/okanjo.templates.js; sourceTree = "<group>"; };
		03EB6C0117428EEC00CE734F /* okanjo.views.js */ = {isa = PBXFileReference; fileEncoding = 4; lastKnownFileType = sourcecode.javascript; name = okanjo.views.js; path = ../okanjo/okanjo.views.js; sourceTree = "<group>"; };
		03EB6C0217428EEC00CE734F /* sha256.js */ = {isa = PBXFileReference; fileEncoding = 4; lastKnownFileType = sourcecode.javascript; name = sha256.js; path = ../okanjo/sha256.js; sourceTree = "<group>"; };
		03EB6C0317428EEC00CE734F /* swipe.js */ = {isa = PBXFileReference; fileEncoding = 4; lastKnownFileType = sourcecode.javascript; name = swipe.js; path = ../okanjo/swipe.js; sourceTree = "<group>"; };
		03EB6C0417428EEC00CE734F /* underscore.js */ = {isa = PBXFileReference; fileEncoding = 4; lastKnownFileType = sourcecode.javascript; name = underscore.js; path = ../okanjo/underscore.js; sourceTree = "<group>"; };
		03EB6C0517428EEC00CE734F /* zepto.js */ = {isa = PBXFileReference; fileEncoding = 4; lastKnownFileType = sourcecode.javascript; name = zepto.js; path = ../okanjo/zepto.js; sourceTree = "<group>"; };
		03EB6C511742909100CE734F /* backbone.js */ = {isa = PBXFileReference; lastKnownFileType = sourcecode.javascript; name = backbone.js; path = ../okanjo/backbone.js; sourceTree = "<group>"; };
		03EB6C521742909100CE734F /* backbone.subviews.js */ = {isa = PBXFileReference; lastKnownFileType = sourcecode.javascript; name = backbone.subviews.js; path = ../okanjo/backbone.subviews.js; sourceTree = "<group>"; };
		03EB6C531742909100CE734F /* bootstrap-modal.js */ = {isa = PBXFileReference; lastKnownFileType = sourcecode.javascript; name = "bootstrap-modal.js"; path = "../okanjo/bootstrap-modal.js"; sourceTree = "<group>"; };
		03EB6C541742909100CE734F /* bootstrap-responsive.css */ = {isa = PBXFileReference; lastKnownFileType = text.css; name = "bootstrap-responsive.css"; path = "../okanjo/bootstrap-responsive.css"; sourceTree = "<group>"; };
		03EB6C551742909100CE734F /* bootstrap.css */ = {isa = PBXFileReference; lastKnownFileType = text.css; name = bootstrap.css; path = ../okanjo/bootstrap.css; sourceTree = "<group>"; };
		03EB6C561742909100CE734F /* bootstrap.js */ = {isa = PBXFileReference; lastKnownFileType = sourcecode.javascript; name = bootstrap.js; path = ../okanjo/bootstrap.js; sourceTree = "<group>"; };
		03EB6C571742909100CE734F /* cart.gif */ = {isa = PBXFileReference; lastKnownFileType = image.gif; name = cart.gif; path = ../okanjo/cart.gif; sourceTree = "<group>"; };
		03EB6C581742909100CE734F /* index.html */ = {isa = PBXFileReference; lastKnownFileType = text.html; name = index.html; path = ../okanjo/index.html; sourceTree = "<group>"; };
		03EB6C591742909100CE734F /* jquery.js */ = {isa = PBXFileReference; lastKnownFileType = sourcecode.javascript; name = jquery.js; path = ../okanjo/jquery.js; sourceTree = "<group>"; };
		03EB6C5A1742909100CE734F /* jsuri.js */ = {isa = PBXFileReference; lastKnownFileType = sourcecode.javascript; name = jsuri.js; path = ../okanjo/jsuri.js; sourceTree = "<group>"; };
		03EB6C5B1742909100CE734F /* logo.png */ = {isa = PBXFileReference; lastKnownFileType = image.png; name = logo.png; path = ../okanjo/logo.png; sourceTree = "<group>"; };
		03EB6C5C1742909100CE734F /* okanjo.css */ = {isa = PBXFileReference; lastKnownFileType = text.css; name = okanjo.css; path = ../okanjo/okanjo.css; sourceTree = "<group>"; };
		03EB6C5D1742909100CE734F /* okanjo.js */ = {isa = PBXFileReference; lastKnownFileType = sourcecode.javascript; name = okanjo.js; path = ../okanjo/okanjo.js; sourceTree = "<group>"; };
		03EB6C5E1742909100CE734F /* okanjo.models.js */ = {isa = PBXFileReference; lastKnownFileType = sourcecode.javascript; name = okanjo.models.js; path = ../okanjo/okanjo.models.js; sourceTree = "<group>"; };
		03EB6C5F1742909100CE734F /* okanjo.navigation.js */ = {isa = PBXFileReference; lastKnownFileType = sourcecode.javascript; name = okanjo.navigation.js; path = ../okanjo/okanjo.navigation.js; sourceTree = "<group>"; };
		03EB6C601742909100CE734F /* okanjo.routing.js */ = {isa = PBXFileReference; lastKnownFileType = sourcecode.javascript; name = okanjo.routing.js; path = ../okanjo/okanjo.routing.js; sourceTree = "<group>"; };
		03EB6C611742909100CE734F /* okanjo.so.js */ = {isa = PBXFileReference; lastKnownFileType = sourcecode.javascript; name = okanjo.so.js; path = ../okanjo/okanjo.so.js; sourceTree = "<group>"; };
		03EB6C621742909100CE734F /* okanjo.templates.js */ = {isa = PBXFileReference; lastKnownFileType = sourcecode.javascript; name = okanjo.templates.js; path = ../okanjo/okanjo.templates.js; sourceTree = "<group>"; };
		03EB6C631742909100CE734F /* okanjo.views.js */ = {isa = PBXFileReference; lastKnownFileType = sourcecode.javascript; name = okanjo.views.js; path = ../okanjo/okanjo.views.js; sourceTree = "<group>"; };
		03EB6C641742909100CE734F /* sha256.js */ = {isa = PBXFileReference; lastKnownFileType = sourcecode.javascript; name = sha256.js; path = ../okanjo/sha256.js; sourceTree = "<group>"; };
		03EB6C651742909100CE734F /* swipe.js */ = {isa = PBXFileReference; lastKnownFileType = sourcecode.javascript; name = swipe.js; path = ../okanjo/swipe.js; sourceTree = "<group>"; };
		03EB6C661742909100CE734F /* underscore.js */ = {isa = PBXFileReference; lastKnownFileType = sourcecode.javascript; name = underscore.js; path = ../okanjo/underscore.js; sourceTree = "<group>"; };
		03EB6C671742909100CE734F /* zepto.js */ = {isa = PBXFileReference; lastKnownFileType = sourcecode.javascript; name = zepto.js; path = ../okanjo/zepto.js; sourceTree = "<group>"; };
/* End PBXFileReference section */

/* Begin PBXFrameworksBuildPhase section */
		031C1E4B173826F7008585B3 /* Frameworks */ = {
			isa = PBXFrameworksBuildPhase;
			buildActionMask = 2147483647;
			files = (
				031C1E52173826F7008585B3 /* UIKit.framework in Frameworks */,
				031C1E54173826F7008585B3 /* Foundation.framework in Frameworks */,
				031C1E56173826F7008585B3 /* CoreGraphics.framework in Frameworks */,
			);
			runOnlyForDeploymentPostprocessing = 0;
		};
/* End PBXFrameworksBuildPhase section */

/* Begin PBXGroup section */
		031C1E45173826F7008585B3 = {
			isa = PBXGroup;
			children = (
				03EB6C511742909100CE734F /* backbone.js */,
				03EB6C521742909100CE734F /* backbone.subviews.js */,
				03EB6C531742909100CE734F /* bootstrap-modal.js */,
				03EB6C541742909100CE734F /* bootstrap-responsive.css */,
				03EB6C551742909100CE734F /* bootstrap.css */,
				03EB6C561742909100CE734F /* bootstrap.js */,
				03EB6C571742909100CE734F /* cart.gif */,
				03EB6C581742909100CE734F /* index.html */,
				03EB6C591742909100CE734F /* jquery.js */,
				03EB6C5A1742909100CE734F /* jsuri.js */,
				03EB6C5B1742909100CE734F /* logo.png */,
				03EB6C5C1742909100CE734F /* okanjo.css */,
				03EB6C5D1742909100CE734F /* okanjo.js */,
				03EB6C5E1742909100CE734F /* okanjo.models.js */,
				03EB6C5F1742909100CE734F /* okanjo.navigation.js */,
				03EB6C601742909100CE734F /* okanjo.routing.js */,
				03EB6C611742909100CE734F /* okanjo.so.js */,
				03EB6C621742909100CE734F /* okanjo.templates.js */,
				03EB6C631742909100CE734F /* okanjo.views.js */,
				03EB6C641742909100CE734F /* sha256.js */,
				03EB6C651742909100CE734F /* swipe.js */,
				03EB6C661742909100CE734F /* underscore.js */,
				03EB6C671742909100CE734F /* zepto.js */,
				031C1E57173826F7008585B3 /* WebWrapper */,
				031C1E50173826F7008585B3 /* Frameworks */,
				031C1E4F173826F7008585B3 /* Products */,
			);
			sourceTree = "<group>";
		};
		031C1E4F173826F7008585B3 /* Products */ = {
			isa = PBXGroup;
			children = (
				031C1E4E173826F7008585B3 /* WebWrapper.app */,
			);
			name = Products;
			sourceTree = "<group>";
		};
		031C1E50173826F7008585B3 /* Frameworks */ = {
			isa = PBXGroup;
			children = (
				031C1E51173826F7008585B3 /* UIKit.framework */,
				031C1E53173826F7008585B3 /* Foundation.framework */,
				031C1E55173826F7008585B3 /* CoreGraphics.framework */,
			);
			name = Frameworks;
			sourceTree = "<group>";
		};
		031C1E57173826F7008585B3 /* WebWrapper */ = {
			isa = PBXGroup;
			children = (
				036B089B17398CD200C9DF64 /* Resources */,
				031C1E60173826F7008585B3 /* AppDelegate.h */,
				031C1E61173826F7008585B3 /* AppDelegate.m */,
				031C1E69173826F7008585B3 /* ViewController.h */,
				031C1E6A173826F7008585B3 /* ViewController.m */,
				031C1E6C173826F7008585B3 /* ViewController.xib */,
				031C1E58173826F7008585B3 /* Supporting Files */,
			);
			path = WebWrapper;
			sourceTree = "<group>";
		};
		031C1E58173826F7008585B3 /* Supporting Files */ = {
			isa = PBXGroup;
			children = (
				031C1E59173826F7008585B3 /* WebWrapper-Info.plist */,
				031C1E5A173826F7008585B3 /* InfoPlist.strings */,
				031C1E5D173826F7008585B3 /* main.m */,
				031C1E5F173826F7008585B3 /* WebWrapper-Prefix.pch */,
				031C1E63173826F7008585B3 /* Default.png */,
				031C1E65173826F7008585B3 /* Default@2x.png */,
				031C1E67173826F7008585B3 /* Default-568h@2x.png */,
			);
			name = "Supporting Files";
			sourceTree = "<group>";
		};
		036B089B17398CD200C9DF64 /* Resources */ = {
			isa = PBXGroup;
			children = (
				03EB6BED17428EEC00CE734F /* backbone.js */,
				03EB6BEE17428EEC00CE734F /* backbone.subviews.js */,
				03EB6BEF17428EEC00CE734F /* bootstrap-modal.js */,
				03EB6BF017428EEC00CE734F /* bootstrap-responsive.css */,
				03EB6BF117428EEC00CE734F /* bootstrap.css */,
				03EB6BF217428EEC00CE734F /* bootstrap.js */,
				03EB6BF317428EEC00CE734F /* cart.gif */,
				03EB6BF417428EEC00CE734F /* index.html */,
				03EB6BF517428EEC00CE734F /* jquery.js */,
				03EB6BF617428EEC00CE734F /* jsuri.js */,
				03EB6BF717428EEC00CE734F /* logo.png */,
				03EB6BF817428EEC00CE734F /* okanjo.css */,
				03EB6BFA17428EEC00CE734F /* okanjo.js */,
				03EB6BFB17428EEC00CE734F /* okanjo.models.js */,
				03EB6BFC17428EEC00CE734F /* okanjo.navigation.js */,
				03EB6BFD17428EEC00CE734F /* okanjo.routing.js */,
				03EB6BFF17428EEC00CE734F /* okanjo.so.js */,
				03EB6C0017428EEC00CE734F /* okanjo.templates.js */,
				03EB6C0117428EEC00CE734F /* okanjo.views.js */,
				03EB6C0217428EEC00CE734F /* sha256.js */,
				03EB6C0317428EEC00CE734F /* swipe.js */,
				03EB6C0417428EEC00CE734F /* underscore.js */,
				03EB6C0517428EEC00CE734F /* zepto.js */,
			);
			name = Resources;
			path = ../../okanjo;
			sourceTree = SOURCE_ROOT;
		};
/* End PBXGroup section */

/* Begin PBXNativeTarget section */
		031C1E4D173826F7008585B3 /* WebWrapper */ = {
			isa = PBXNativeTarget;
			buildConfigurationList = 031C1E71173826F7008585B3 /* Build configuration list for PBXNativeTarget "WebWrapper" */;
			buildPhases = (
				031C1E4A173826F7008585B3 /* Sources */,
				031C1E4B173826F7008585B3 /* Frameworks */,
				031C1E4C173826F7008585B3 /* Resources */,
			);
			buildRules = (
			);
			dependencies = (
			);
			name = WebWrapper;
			productName = WebWrapper;
			productReference = 031C1E4E173826F7008585B3 /* WebWrapper.app */;
			productType = "com.apple.product-type.application";
		};
/* End PBXNativeTarget section */

/* Begin PBXProject section */
		031C1E46173826F7008585B3 /* Project object */ = {
			isa = PBXProject;
			attributes = {
				LastUpgradeCheck = 0460;
				ORGANIZATIONNAME = RokkinCat;
			};
			buildConfigurationList = 031C1E49173826F7008585B3 /* Build configuration list for PBXProject "WebWrapper" */;
			compatibilityVersion = "Xcode 3.2";
			developmentRegion = English;
			hasScannedForEncodings = 0;
			knownRegions = (
				en,
			);
			mainGroup = 031C1E45173826F7008585B3;
			productRefGroup = 031C1E4F173826F7008585B3 /* Products */;
			projectDirPath = "";
			projectRoot = "";
			targets = (
				031C1E4D173826F7008585B3 /* WebWrapper */,
			);
		};
/* End PBXProject section */

/* Begin PBXResourcesBuildPhase section */
		031C1E4C173826F7008585B3 /* Resources */ = {
			isa = PBXResourcesBuildPhase;
			buildActionMask = 2147483647;
			files = (
				03EB6C681742909100CE734F /* backbone.js in Resources */,
				03EB6C691742909100CE734F /* backbone.subviews.js in Resources */,
				03EB6C6A1742909100CE734F /* bootstrap-modal.js in Resources */,
				03EB6C6B1742909100CE734F /* bootstrap-responsive.css in Resources */,
				03EB6C6C1742909100CE734F /* bootstrap.css in Resources */,
				03EB6C6D1742909100CE734F /* bootstrap.js in Resources */,
				03EB6C6E1742909100CE734F /* cart.gif in Resources */,
				03EB6C6F1742909100CE734F /* index.html in Resources */,
				03EB6C701742909100CE734F /* jquery.js in Resources */,
				03EB6C711742909100CE734F /* jsuri.js in Resources */,
				03EB6C721742909100CE734F /* logo.png in Resources */,
				03EB6C731742909100CE734F /* okanjo.css in Resources */,
				03EB6C741742909100CE734F /* okanjo.js in Resources */,
				03EB6C751742909100CE734F /* okanjo.models.js in Resources */,
				03EB6C761742909100CE734F /* okanjo.navigation.js in Resources */,
				03EB6C771742909100CE734F /* okanjo.routing.js in Resources */,
				03EB6C781742909100CE734F /* okanjo.so.js in Resources */,
				03EB6C791742909100CE734F /* okanjo.templates.js in Resources */,
				03EB6C7A1742909100CE734F /* okanjo.views.js in Resources */,
				03EB6C7B1742909100CE734F /* sha256.js in Resources */,
				03EB6C7C1742909100CE734F /* swipe.js in Resources */,
				03EB6C7D1742909100CE734F /* underscore.js in Resources */,
				03EB6C7E1742909100CE734F /* zepto.js in Resources */,
				031C1E5C173826F7008585B3 /* InfoPlist.strings in Resources */,
				031C1E64173826F7008585B3 /* Default.png in Resources */,
				031C1E66173826F7008585B3 /* Default@2x.png in Resources */,
				031C1E68173826F7008585B3 /* Default-568h@2x.png in Resources */,
				031C1E6E173826F7008585B3 /* ViewController.xib in Resources */,
			);
			runOnlyForDeploymentPostprocessing = 0;
		};
/* End PBXResourcesBuildPhase section */

/* Begin PBXSourcesBuildPhase section */
		031C1E4A173826F7008585B3 /* Sources */ = {
			isa = PBXSourcesBuildPhase;
			buildActionMask = 2147483647;
			files = (
				031C1E5E173826F7008585B3 /* main.m in Sources */,
				031C1E62173826F7008585B3 /* AppDelegate.m in Sources */,
				031C1E6B173826F7008585B3 /* ViewController.m in Sources */,
				03EB6C0617428EEC00CE734F /* backbone.js in Sources */,
				03EB6C0717428EEC00CE734F /* backbone.subviews.js in Sources */,
				03EB6C0817428EEC00CE734F /* bootstrap-modal.js in Sources */,
				03EB6C0B17428EEC00CE734F /* bootstrap.js in Sources */,
				03EB6C0E17428EEC00CE734F /* jquery.js in Sources */,
				03EB6C0F17428EEC00CE734F /* jsuri.js in Sources */,
				03EB6C1317428EEC00CE734F /* okanjo.js in Sources */,
				03EB6C1417428EEC00CE734F /* okanjo.models.js in Sources */,
				03EB6C1517428EEC00CE734F /* okanjo.navigation.js in Sources */,
				03EB6C1617428EEC00CE734F /* okanjo.routing.js in Sources */,
				03EB6C1817428EEC00CE734F /* okanjo.so.js in Sources */,
				03EB6C1917428EEC00CE734F /* okanjo.templates.js in Sources */,
				03EB6C1A17428EEC00CE734F /* okanjo.views.js in Sources */,
				03EB6C1B17428EEC00CE734F /* sha256.js in Sources */,
				03EB6C1C17428EEC00CE734F /* swipe.js in Sources */,
				03EB6C1D17428EEC00CE734F /* underscore.js in Sources */,
				03EB6C1E17428EEC00CE734F /* zepto.js in Sources */,
			);
			runOnlyForDeploymentPostprocessing = 0;
		};
/* End PBXSourcesBuildPhase section */

/* Begin PBXVariantGroup section */
		031C1E5A173826F7008585B3 /* InfoPlist.strings */ = {
			isa = PBXVariantGroup;
			children = (
				031C1E5B173826F7008585B3 /* en */,
			);
			name = InfoPlist.strings;
			sourceTree = "<group>";
		};
		031C1E6C173826F7008585B3 /* ViewController.xib */ = {
			isa = PBXVariantGroup;
			children = (
				031C1E6D173826F7008585B3 /* en */,
			);
			name = ViewController.xib;
			sourceTree = "<group>";
		};
/* End PBXVariantGroup section */

/* Begin XCBuildConfiguration section */
		031C1E6F173826F7008585B3 /* Debug */ = {
			isa = XCBuildConfiguration;
			buildSettings = {
				ALWAYS_SEARCH_USER_PATHS = NO;
				CLANG_CXX_LANGUAGE_STANDARD = "gnu++0x";
				CLANG_CXX_LIBRARY = "libc++";
				CLANG_ENABLE_OBJC_ARC = YES;
				CLANG_WARN_CONSTANT_CONVERSION = YES;
				CLANG_WARN_EMPTY_BODY = YES;
				CLANG_WARN_ENUM_CONVERSION = YES;
				CLANG_WARN_INT_CONVERSION = YES;
				CLANG_WARN__DUPLICATE_METHOD_MATCH = YES;
				"CODE_SIGN_IDENTITY[sdk=iphoneos*]" = "iPhone Developer";
				COPY_PHASE_STRIP = NO;
				GCC_C_LANGUAGE_STANDARD = gnu99;
				GCC_DYNAMIC_NO_PIC = NO;
				GCC_OPTIMIZATION_LEVEL = 0;
				GCC_PREPROCESSOR_DEFINITIONS = (
					"DEBUG=1",
					"$(inherited)",
				);
				GCC_SYMBOLS_PRIVATE_EXTERN = NO;
				GCC_WARN_ABOUT_RETURN_TYPE = YES;
				GCC_WARN_UNINITIALIZED_AUTOS = YES;
				GCC_WARN_UNUSED_VARIABLE = YES;
				IPHONEOS_DEPLOYMENT_TARGET = 6.1;
				ONLY_ACTIVE_ARCH = YES;
				SDKROOT = iphoneos;
			};
			name = Debug;
		};
		031C1E70173826F7008585B3 /* Release */ = {
			isa = XCBuildConfiguration;
			buildSettings = {
				ALWAYS_SEARCH_USER_PATHS = NO;
				CLANG_CXX_LANGUAGE_STANDARD = "gnu++0x";
				CLANG_CXX_LIBRARY = "libc++";
				CLANG_ENABLE_OBJC_ARC = YES;
				CLANG_WARN_CONSTANT_CONVERSION = YES;
				CLANG_WARN_EMPTY_BODY = YES;
				CLANG_WARN_ENUM_CONVERSION = YES;
				CLANG_WARN_INT_CONVERSION = YES;
				CLANG_WARN__DUPLICATE_METHOD_MATCH = YES;
				"CODE_SIGN_IDENTITY[sdk=iphoneos*]" = "iPhone Developer";
				COPY_PHASE_STRIP = YES;
				GCC_C_LANGUAGE_STANDARD = gnu99;
				GCC_WARN_ABOUT_RETURN_TYPE = YES;
				GCC_WARN_UNINITIALIZED_AUTOS = YES;
				GCC_WARN_UNUSED_VARIABLE = YES;
				IPHONEOS_DEPLOYMENT_TARGET = 6.1;
				OTHER_CFLAGS = "-DNS_BLOCK_ASSERTIONS=1";
				SDKROOT = iphoneos;
				VALIDATE_PRODUCT = YES;
			};
			name = Release;
		};
		031C1E72173826F7008585B3 /* Debug */ = {
			isa = XCBuildConfiguration;
			buildSettings = {
				CODE_SIGN_IDENTITY = "iPhone Developer";
				"CODE_SIGN_IDENTITY[sdk=iphoneos*]" = "iPhone Developer: Nicholas Gartmann (5FD4AT832Y)";
				GCC_PRECOMPILE_PREFIX_HEADER = YES;
				GCC_PREFIX_HEADER = "WebWrapper/WebWrapper-Prefix.pch";
				INFOPLIST_FILE = "WebWrapper/WebWrapper-Info.plist";
				IPHONEOS_DEPLOYMENT_TARGET = 5.0;
				PRODUCT_NAME = "$(TARGET_NAME)";
				PROVISIONING_PROFILE = "";
				"PROVISIONING_PROFILE[sdk=iphoneos*]" = "95238B1D-1808-4D04-A7E4-298C48F733E6";
				TARGETED_DEVICE_FAMILY = 1;
				WRAPPER_EXTENSION = app;
			};
			name = Debug;
		};
		031C1E73173826F7008585B3 /* Release */ = {
			isa = XCBuildConfiguration;
			buildSettings = {
				CODE_SIGN_IDENTITY = "iPhone Developer: Nicholas Gartmann (CZY6HQGC7T)";
				"CODE_SIGN_IDENTITY[sdk=iphoneos*]" = "iPhone Developer: Nicholas Gartmann (CZY6HQGC7T)";
				GCC_PRECOMPILE_PREFIX_HEADER = YES;
				GCC_PREFIX_HEADER = "WebWrapper/WebWrapper-Prefix.pch";
				INFOPLIST_FILE = "WebWrapper/WebWrapper-Info.plist";
				IPHONEOS_DEPLOYMENT_TARGET = 5.0;
				PRODUCT_NAME = "$(TARGET_NAME)";
				PROVISIONING_PROFILE = "094D9A92-D8F1-4BCF-B6FF-E1D0E9BA9DAE";
				"PROVISIONING_PROFILE[sdk=iphoneos*]" = "094D9A92-D8F1-4BCF-B6FF-E1D0E9BA9DAE";
				TARGETED_DEVICE_FAMILY = 1;
				WRAPPER_EXTENSION = app;
			};
			name = Release;
		};
/* End XCBuildConfiguration section */

/* Begin XCConfigurationList section */
		031C1E49173826F7008585B3 /* Build configuration list for PBXProject "WebWrapper" */ = {
			isa = XCConfigurationList;
			buildConfigurations = (
				031C1E6F173826F7008585B3 /* Debug */,
				031C1E70173826F7008585B3 /* Release */,
			);
			defaultConfigurationIsVisible = 0;
			defaultConfigurationName = Release;
		};
		031C1E71173826F7008585B3 /* Build configuration list for PBXNativeTarget "WebWrapper" */ = {
			isa = XCConfigurationList;
			buildConfigurations = (
				031C1E72173826F7008585B3 /* Debug */,
				031C1E73173826F7008585B3 /* Release */,
			);
			defaultConfigurationIsVisible = 0;
			defaultConfigurationName = Release;
		};
/* End XCConfigurationList section */
	};
	rootObject = 031C1E46173826F7008585B3 /* Project object */;
}
